
Microsoft Visual Studio Solution File, Format Version 12.00
# Visual Studio Version 17
VisualStudioVersion = 17.0.31903.59
MinimumVisualStudioVersion = 10.0.40219.1
Project("{2150E333-8FDC-42A3-9474-1A3956D46DE8}") = "src", "src", "{827E0CD3-B72D-47B6-A68D-7590B98EB39B}"
EndProject
Project("{FAE04EC0-301F-11D3-BF4B-00C04F79EFBC}") = "DotNet.Debug.DAP", "src\DotNet.Debug.DAP\DotNet.Debug.DAP.csproj", "{EC367979-515F-471C-A49B-2474D84F8D0E}"
EndProject
Project("{FAE04EC0-301F-11D3-BF4B-00C04F79EFBC}") = "DotNet.Debug.MCP", "src\DotNet.Debug.MCP\DotNet.Debug.MCP.csproj", "{BB862AEC-0C1D-4670-9350-4C0707773265}"
EndProject
Project("{FAE04EC0-301F-11D3-BF4B-00C04F79EFBC}") = "TestApp", "src\TestApp\TestApp.csproj", "{5CF660B0-F802-4AFF-8A50-660FDD22FE6B}"
EndProject
Project("{FAE04EC0-301F-11D3-BF4B-00C04F79EFBC}") = "DotNet.Debug.MCP.Tests", "tests\DotNet.Debug.MCP.Tests\DotNet.Debug.MCP.Tests.csproj", "{5235B0C4-B58F-4BA0-A2FE-316F0819EB4E}"
EndProject
Global
	GlobalSection(SolutionConfigurationPlatforms) = preSolution
		Debug|Any CPU = Debug|Any CPU
		Debug|x64 = Debug|x64
		Debug|x86 = Debug|x86
		Release|Any CPU = Release|Any CPU
		Release|x64 = Release|x64
		Release|x86 = Release|x86
	EndGlobalSection
	GlobalSection(ProjectConfigurationPlatforms) = postSolution
		{EC367979-515F-471C-A49B-2474D84F8D0E}.Debug|Any CPU.ActiveCfg = Debug|Any CPU
		{EC367979-515F-471C-A49B-2474D84F8D0E}.Debug|Any CPU.Build.0 = Debug|Any CPU
		{EC367979-515F-471C-A49B-2474D84F8D0E}.Debug|x64.ActiveCfg = Debug|Any CPU
		{EC367979-515F-471C-A49B-2474D84F8D0E}.Debug|x64.Build.0 = Debug|Any CPU
		{EC367979-515F-471C-A49B-2474D84F8D0E}.Debug|x86.ActiveCfg = Debug|Any CPU
		{EC367979-515F-471C-A49B-2474D84F8D0E}.Debug|x86.Build.0 = Debug|Any CPU
		{EC367979-515F-471C-A49B-2474D84F8D0E}.Release|Any CPU.ActiveCfg = Release|Any CPU
		{EC367979-515F-471C-A49B-2474D84F8D0E}.Release|Any CPU.Build.0 = Release|Any CPU
		{EC367979-515F-471C-A49B-2474D84F8D0E}.Release|x64.ActiveCfg = Release|Any CPU
		{EC367979-515F-471C-A49B-2474D84F8D0E}.Release|x64.Build.0 = Release|Any CPU
		{EC367979-515F-471C-A49B-2474D84F8D0E}.Release|x86.ActiveCfg = Release|Any CPU
		{EC367979-515F-471C-A49B-2474D84F8D0E}.Release|x86.Build.0 = Release|Any CPU
		{BB862AEC-0C1D-4670-9350-4C0707773265}.Debug|Any CPU.ActiveCfg = Debug|Any CPU
		{BB862AEC-0C1D-4670-9350-4C0707773265}.Debug|Any CPU.Build.0 = Debug|Any CPU
		{BB862AEC-0C1D-4670-9350-4C0707773265}.Debug|x64.ActiveCfg = Debug|Any CPU
		{BB862AEC-0C1D-4670-9350-4C0707773265}.Debug|x64.Build.0 = Debug|Any CPU
		{BB862AEC-0C1D-4670-9350-4C0707773265}.Debug|x86.ActiveCfg = Debug|Any CPU
		{BB862AEC-0C1D-4670-9350-4C0707773265}.Debug|x86.Build.0 = Debug|Any CPU
		{BB862AEC-0C1D-4670-9350-4C0707773265}.Release|Any CPU.ActiveCfg = Release|Any CPU
		{BB862AEC-0C1D-4670-9350-4C0707773265}.Release|Any CPU.Build.0 = Release|Any CPU
		{BB862AEC-0C1D-4670-9350-4C0707773265}.Release|x64.ActiveCfg = Release|Any CPU
		{BB862AEC-0C1D-4670-9350-4C0707773265}.Release|x64.Build.0 = Release|Any CPU
		{BB862AEC-0C1D-4670-9350-4C0707773265}.Release|x86.ActiveCfg = Release|Any CPU
		{BB862AEC-0C1D-4670-9350-4C0707773265}.Release|x86.Build.0 = Release|Any CPU
		{5CF660B0-F802-4AFF-8A50-660FDD22FE6B}.Debug|Any CPU.ActiveCfg = Debug|Any CPU
		{5CF660B0-F802-4AFF-8A50-660FDD22FE6B}.Debug|Any CPU.Build.0 = Debug|Any CPU
		{5CF660B0-F802-4AFF-8A50-660FDD22FE6B}.Debug|x64.ActiveCfg = Debug|Any CPU
		{5CF660B0-F802-4AFF-8A50-660FDD22FE6B}.Debug|x64.Build.0 = Debug|Any CPU
		{5CF660B0-F802-4AFF-8A50-660FDD22FE6B}.Debug|x86.ActiveCfg = Debug|Any CPU
		{5CF660B0-F802-4AFF-8A50-660FDD22FE6B}.Debug|x86.Build.0 = Debug|Any CPU
		{5CF660B0-F802-4AFF-8A50-660FDD22FE6B}.Release|Any CPU.ActiveCfg = Release|Any CPU
		{5CF660B0-F802-4AFF-8A50-660FDD22FE6B}.Release|Any CPU.Build.0 = Release|Any CPU
		{5CF660B0-F802-4AFF-8A50-660FDD22FE6B}.Release|x64.ActiveCfg = Release|Any CPU
		{5CF660B0-F802-4AFF-8A50-660FDD22FE6B}.Release|x64.Build.0 = Release|Any CPU
		{5CF660B0-F802-4AFF-8A50-660FDD22FE6B}.Release|x86.ActiveCfg = Release|Any CPU
		{5CF660B0-F802-4AFF-8A50-660FDD22FE6B}.Release|x86.Build.0 = Release|Any CPU
		{5235B0C4-B58F-4BA0-A2FE-316F0819EB4E}.Debug|Any CPU.ActiveCfg = Debug|Any CPU
		{5235B0C4-B58F-4BA0-A2FE-316F0819EB4E}.Debug|Any CPU.Build.0 = Debug|Any CPU
		{5235B0C4-B58F-4BA0-A2FE-316F0819EB4E}.Debug|x64.ActiveCfg = Debug|Any CPU
		{5235B0C4-B58F-4BA0-A2FE-316F0819EB4E}.Debug|x64.Build.0 = Debug|Any CPU
		{5235B0C4-B58F-4BA0-A2FE-316F0819EB4E}.Debug|x86.ActiveCfg = Debug|Any CPU
		{5235B0C4-B58F-4BA0-A2FE-316F0819EB4E}.Debug|x86.Build.0 = Debug|Any CPU
		{5235B0C4-B58F-4BA0-A2FE-316F0819EB4E}.Release|Any CPU.ActiveCfg = Release|Any CPU
		{5235B0C4-B58F-4BA0-A2FE-316F0819EB4E}.Release|Any CPU.Build.0 = Release|Any CPU
		{5235B0C4-B58F-4BA0-A2FE-316F0819EB4E}.Release|x64.ActiveCfg = Release|Any CPU
		{5235B0C4-B58F-4BA0-A2FE-316F0819EB4E}.Release|x64.Build.0 = Release|Any CPU
		{5235B0C4-B58F-4BA0-A2FE-316F0819EB4E}.Release|x86.ActiveCfg = Release|Any CPU
		{5235B0C4-B58F-4BA0-A2FE-316F0819EB4E}.Release|x86.Build.0 = Release|Any CPU
	EndGlobalSection
	GlobalSection(SolutionProperties) = preSolution
		HideSolutionNode = FALSE
	EndGlobalSection
	GlobalSection(NestedProjects) = preSolution
		{EC367979-515F-471C-A49B-2474D84F8D0E} = {827E0CD3-B72D-47B6-A68D-7590B98EB39B}
		{BB862AEC-0C1D-4670-9350-4C0707773265} = {827E0CD3-B72D-47B6-A68D-7590B98EB39B}
		{5CF660B0-F802-4AFF-8A50-660FDD22FE6B} = {827E0CD3-B72D-47B6-A68D-7590B98EB39B}
		{5235B0C4-B58F-4BA0-A2FE-316F0819EB4E} = {827E0CD3-B72D-47B6-A68D-7590B98EB39B}
	EndGlobalSection
EndGlobal
